// !$*UTF8*$!
{
	archiveVersion = 1;
	classes = {
	};
	objectVersion = 56;
	objects = {

/* Begin PBXBuildFile section */
		F17DB4102CCCD287009E2CC4 /* TCASampleApp.swift in Sources */ = {isa = PBXBuildFile; fileRef = F17DB40F2CCCD287009E2CC4 /* TCASampleApp.swift */; };
		F17DB4142CCCD289009E2CC4 /* Assets.xcassets in Resources */ = {isa = PBXBuildFile; fileRef = F17DB4132CCCD289009E2CC4 /* Assets.xcassets */; };
		F17DB4172CCCD289009E2CC4 /* Preview Assets.xcassets in Resources */ = {isa = PBXBuildFile; fileRef = F17DB4162CCCD289009E2CC4 /* Preview Assets.xcassets */; };
		F17DB4212CCCD289009E2CC4 /* TCASampleTests.swift in Sources */ = {isa = PBXBuildFile; fileRef = F17DB4202CCCD289009E2CC4 /* TCASampleTests.swift */; };
		F17DB42B2CCCD289009E2CC4 /* TCASampleUITests.swift in Sources */ = {isa = PBXBuildFile; fileRef = F17DB42A2CCCD289009E2CC4 /* TCASampleUITests.swift */; };
		F17DB42D2CCCD289009E2CC4 /* TCASampleUITestsLaunchTests.swift in Sources */ = {isa = PBXBuildFile; fileRef = F17DB42C2CCCD289009E2CC4 /* TCASampleUITestsLaunchTests.swift */; };
		F17DB43C2CCCD50E009E2CC4 /* ComposableArchitecture in Frameworks */ = {isa = PBXBuildFile; productRef = F17DB43B2CCCD50E009E2CC4 /* ComposableArchitecture */; };
		F17DB4452CCCD808009E2CC4 /* User.swift in Sources */ = {isa = PBXBuildFile; fileRef = F17DB4442CCCD808009E2CC4 /* User.swift */; };
		F17DB4472CCCD88E009E2CC4 /* FetchUserListUseCase.swift in Sources */ = {isa = PBXBuildFile; fileRef = F17DB4462CCCD88E009E2CC4 /* FetchUserListUseCase.swift */; };
		F17DB4492CCCD9A8009E2CC4 /* UserRepository.swift in Sources */ = {isa = PBXBuildFile; fileRef = F17DB4482CCCD9A8009E2CC4 /* UserRepository.swift */; };
		F17DB44B2CCCD9C7009E2CC4 /* MockUserRepository.swift in Sources */ = {isa = PBXBuildFile; fileRef = F17DB44A2CCCD9C7009E2CC4 /* MockUserRepository.swift */; };
		F17DB44F2CCE2FF7009E2CC4 /* UserListView.swift in Sources */ = {isa = PBXBuildFile; fileRef = F17DB44E2CCE2FF7009E2CC4 /* UserListView.swift */; };
		F17DB4512CCE30CF009E2CC4 /* UserListFeature.swift in Sources */ = {isa = PBXBuildFile; fileRef = F17DB4502CCE30CF009E2CC4 /* UserListFeature.swift */; };
		F17DB4572CD0F9EA009E2CC4 /* SwiftUI+Extension.swift in Sources */ = {isa = PBXBuildFile; fileRef = F17DB4562CD0F9EA009E2CC4 /* SwiftUI+Extension.swift */; };
		F17DB45A2CD1564F009E2CC4 /* UpdateFollowUseCase.swift in Sources */ = {isa = PBXBuildFile; fileRef = F17DB4592CD1564F009E2CC4 /* UpdateFollowUseCase.swift */; };
		F17DB45C2CD188C0009E2CC4 /* UpdateFollowResult.swift in Sources */ = {isa = PBXBuildFile; fileRef = F17DB45B2CD188C0009E2CC4 /* UpdateFollowResult.swift */; };
		F17DB4612CD19E2B009E2CC4 /* Swinject in Frameworks */ = {isa = PBXBuildFile; productRef = F17DB4602CD19E2B009E2CC4 /* Swinject */; };
		F17DB4632CD19E2B009E2CC4 /* Swinject-Dynamic in Frameworks */ = {isa = PBXBuildFile; productRef = F17DB4622CD19E2B009E2CC4 /* Swinject-Dynamic */; };
		F17DB4662CD1A619009E2CC4 /* Swinject+Extension.swift in Sources */ = {isa = PBXBuildFile; fileRef = F17DB4652CD1A619009E2CC4 /* Swinject+Extension.swift */; };
		F17DB4702CD23D5A009E2CC4 /* DomainAssembly.swift in Sources */ = {isa = PBXBuildFile; fileRef = F17DB46F2CD23D5A009E2CC4 /* DomainAssembly.swift */; };
		F17DB4722CD26B83009E2CC4 /* PresentationAssembly.swift in Sources */ = {isa = PBXBuildFile; fileRef = F17DB4712CD26B83009E2CC4 /* PresentationAssembly.swift */; };
/* End PBXBuildFile section */

/* Begin PBXContainerItemProxy section */
		F17DB41D2CCCD289009E2CC4 /* PBXContainerItemProxy */ = {
			isa = PBXContainerItemProxy;
			containerPortal = F17DB4042CCCD287009E2CC4 /* Project object */;
			proxyType = 1;
			remoteGlobalIDString = F17DB40B2CCCD287009E2CC4;
			remoteInfo = TCASample;
		};
		F17DB4272CCCD289009E2CC4 /* PBXContainerItemProxy */ = {
			isa = PBXContainerItemProxy;
			containerPortal = F17DB4042CCCD287009E2CC4 /* Project object */;
			proxyType = 1;
			remoteGlobalIDString = F17DB40B2CCCD287009E2CC4;
			remoteInfo = TCASample;
		};
/* End PBXContainerItemProxy section */

/* Begin PBXFileReference section */
		F17DB40C2CCCD287009E2CC4 /* TCASample.app */ = {isa = PBXFileReference; explicitFileType = wrapper.application; includeInIndex = 0; path = TCASample.app; sourceTree = BUILT_PRODUCTS_DIR; };
		F17DB40F2CCCD287009E2CC4 /* TCASampleApp.swift */ = {isa = PBXFileReference; lastKnownFileType = sourcecode.swift; path = TCASampleApp.swift; sourceTree = "<group>"; };
		F17DB4132CCCD289009E2CC4 /* Assets.xcassets */ = {isa = PBXFileReference; lastKnownFileType = folder.assetcatalog; path = Assets.xcassets; sourceTree = "<group>"; };
		F17DB4162CCCD289009E2CC4 /* Preview Assets.xcassets */ = {isa = PBXFileReference; lastKnownFileType = folder.assetcatalog; path = "Preview Assets.xcassets"; sourceTree = "<group>"; };
		F17DB41C2CCCD289009E2CC4 /* TCASampleTests.xctest */ = {isa = PBXFileReference; explicitFileType = wrapper.cfbundle; includeInIndex = 0; path = TCASampleTests.xctest; sourceTree = BUILT_PRODUCTS_DIR; };
		F17DB4202CCCD289009E2CC4 /* TCASampleTests.swift */ = {isa = PBXFileReference; lastKnownFileType = sourcecode.swift; path = TCASampleTests.swift; sourceTree = "<group>"; };
		F17DB4262CCCD289009E2CC4 /* TCASampleUITests.xctest */ = {isa = PBXFileReference; explicitFileType = wrapper.cfbundle; includeInIndex = 0; path = TCASampleUITests.xctest; sourceTree = BUILT_PRODUCTS_DIR; };
		F17DB42A2CCCD289009E2CC4 /* TCASampleUITests.swift */ = {isa = PBXFileReference; lastKnownFileType = sourcecode.swift; path = TCASampleUITests.swift; sourceTree = "<group>"; };
		F17DB42C2CCCD289009E2CC4 /* TCASampleUITestsLaunchTests.swift */ = {isa = PBXFileReference; lastKnownFileType = sourcecode.swift; path = TCASampleUITestsLaunchTests.swift; sourceTree = "<group>"; };
		F17DB4392CCCD2E7009E2CC4 /* .gitignore */ = {isa = PBXFileReference; lastKnownFileType = text; path = .gitignore; sourceTree = "<group>"; };
		F17DB4442CCCD808009E2CC4 /* User.swift */ = {isa = PBXFileReference; lastKnownFileType = sourcecode.swift; path = User.swift; sourceTree = "<group>"; };
		F17DB4462CCCD88E009E2CC4 /* FetchUserListUseCase.swift */ = {isa = PBXFileReference; lastKnownFileType = sourcecode.swift; path = FetchUserListUseCase.swift; sourceTree = "<group>"; };
		F17DB4482CCCD9A8009E2CC4 /* UserRepository.swift */ = {isa = PBXFileReference; lastKnownFileType = sourcecode.swift; path = UserRepository.swift; sourceTree = "<group>"; };
		F17DB44A2CCCD9C7009E2CC4 /* MockUserRepository.swift */ = {isa = PBXFileReference; lastKnownFileType = sourcecode.swift; path = MockUserRepository.swift; sourceTree = "<group>"; };
		F17DB44E2CCE2FF7009E2CC4 /* UserListView.swift */ = {isa = PBXFileReference; lastKnownFileType = sourcecode.swift; path = UserListView.swift; sourceTree = "<group>"; };
		F17DB4502CCE30CF009E2CC4 /* UserListFeature.swift */ = {isa = PBXFileReference; lastKnownFileType = sourcecode.swift; path = UserListFeature.swift; sourceTree = "<group>"; };
		F17DB4562CD0F9EA009E2CC4 /* SwiftUI+Extension.swift */ = {isa = PBXFileReference; lastKnownFileType = sourcecode.swift; path = "SwiftUI+Extension.swift"; sourceTree = "<group>"; };
		F17DB4592CD1564F009E2CC4 /* UpdateFollowUseCase.swift */ = {isa = PBXFileReference; lastKnownFileType = sourcecode.swift; path = UpdateFollowUseCase.swift; sourceTree = "<group>"; };
		F17DB45B2CD188C0009E2CC4 /* UpdateFollowResult.swift */ = {isa = PBXFileReference; lastKnownFileType = sourcecode.swift; path = UpdateFollowResult.swift; sourceTree = "<group>"; };
		F17DB4652CD1A619009E2CC4 /* Swinject+Extension.swift */ = {isa = PBXFileReference; lastKnownFileType = sourcecode.swift; path = "Swinject+Extension.swift"; sourceTree = "<group>"; };
		F17DB46F2CD23D5A009E2CC4 /* DomainAssembly.swift */ = {isa = PBXFileReference; lastKnownFileType = sourcecode.swift; path = DomainAssembly.swift; sourceTree = "<group>"; };
		F17DB4712CD26B83009E2CC4 /* PresentationAssembly.swift */ = {isa = PBXFileReference; lastKnownFileType = sourcecode.swift; path = PresentationAssembly.swift; sourceTree = "<group>"; };
/* End PBXFileReference section */

/* Begin PBXFrameworksBuildPhase section */
		F17DB4092CCCD287009E2CC4 /* Frameworks */ = {
			isa = PBXFrameworksBuildPhase;
			buildActionMask = 2147483647;
			files = (
				F17DB4632CD19E2B009E2CC4 /* Swinject-Dynamic in Frameworks */,
				F17DB43C2CCCD50E009E2CC4 /* ComposableArchitecture in Frameworks */,
				F17DB4612CD19E2B009E2CC4 /* Swinject in Frameworks */,
			);
			runOnlyForDeploymentPostprocessing = 0;
		};
		F17DB4192CCCD289009E2CC4 /* Frameworks */ = {
			isa = PBXFrameworksBuildPhase;
			buildActionMask = 2147483647;
			files = (
			);
			runOnlyForDeploymentPostprocessing = 0;
		};
		F17DB4232CCCD289009E2CC4 /* Frameworks */ = {
			isa = PBXFrameworksBuildPhase;
			buildActionMask = 2147483647;
			files = (
			);
			runOnlyForDeploymentPostprocessing = 0;
		};
/* End PBXFrameworksBuildPhase section */

/* Begin PBXGroup section */
		F17DB4032CCCD287009E2CC4 = {
			isa = PBXGroup;
			children = (
				F17DB4392CCCD2E7009E2CC4 /* .gitignore */,
				F17DB40E2CCCD287009E2CC4 /* TCASample */,
				F17DB41F2CCCD289009E2CC4 /* TCASampleTests */,
				F17DB4292CCCD289009E2CC4 /* TCASampleUITests */,
				F17DB40D2CCCD287009E2CC4 /* Products */,
			);
			sourceTree = "<group>";
		};
		F17DB40D2CCCD287009E2CC4 /* Products */ = {
			isa = PBXGroup;
			children = (
				F17DB40C2CCCD287009E2CC4 /* TCASample.app */,
				F17DB41C2CCCD289009E2CC4 /* TCASampleTests.xctest */,
				F17DB4262CCCD289009E2CC4 /* TCASampleUITests.xctest */,
			);
			name = Products;
			sourceTree = "<group>";
		};
		F17DB40E2CCCD287009E2CC4 /* TCASample */ = {
			isa = PBXGroup;
			children = (
				F17DB4672CD23B33009E2CC4 /* Application */,
				F17DB44C2CCE2F8C009E2CC4 /* Presentation */,
				F17DB43E2CCCD6F0009E2CC4 /* Domain */,
				F17DB43D2CCCD6EB009E2CC4 /* Data */,
				F17DB4642CD1A5BD009E2CC4 /* Swinject */,
				F17DB4132CCCD289009E2CC4 /* Assets.xcassets */,
				F17DB4152CCCD289009E2CC4 /* Preview Content */,
			);
			path = TCASample;
			sourceTree = "<group>";
		};
		F17DB4152CCCD289009E2CC4 /* Preview Content */ = {
			isa = PBXGroup;
			children = (
				F17DB4162CCCD289009E2CC4 /* Preview Assets.xcassets */,
			);
			path = "Preview Content";
			sourceTree = "<group>";
		};
		F17DB41F2CCCD289009E2CC4 /* TCASampleTests */ = {
			isa = PBXGroup;
			children = (
				F17DB4202CCCD289009E2CC4 /* TCASampleTests.swift */,
			);
			path = TCASampleTests;
			sourceTree = "<group>";
		};
		F17DB4292CCCD289009E2CC4 /* TCASampleUITests */ = {
			isa = PBXGroup;
			children = (
				F17DB42A2CCCD289009E2CC4 /* TCASampleUITests.swift */,
				F17DB42C2CCCD289009E2CC4 /* TCASampleUITestsLaunchTests.swift */,
			);
			path = TCASampleUITests;
			sourceTree = "<group>";
		};
		F17DB43D2CCCD6EB009E2CC4 /* Data */ = {
			isa = PBXGroup;
			children = (
				F17DB4422CCCD7EC009E2CC4 /* Repository */,
			);
			path = Data;
			sourceTree = "<group>";
		};
		F17DB43E2CCCD6F0009E2CC4 /* Domain */ = {
			isa = PBXGroup;
			children = (
				F17DB43F2CCCD7CC009E2CC4 /* Entity */,
				F17DB4402CCCD7D4009E2CC4 /* UseCase */,
				F17DB4412CCCD7DB009E2CC4 /* Repository */,
			);
			path = Domain;
			sourceTree = "<group>";
		};
		F17DB43F2CCCD7CC009E2CC4 /* Entity */ = {
			isa = PBXGroup;
			children = (
				F17DB4442CCCD808009E2CC4 /* User.swift */,
				F17DB45B2CD188C0009E2CC4 /* UpdateFollowResult.swift */,
			);
			path = Entity;
			sourceTree = "<group>";
		};
		F17DB4402CCCD7D4009E2CC4 /* UseCase */ = {
			isa = PBXGroup;
			children = (
				F17DB4462CCCD88E009E2CC4 /* FetchUserListUseCase.swift */,
				F17DB4592CD1564F009E2CC4 /* UpdateFollowUseCase.swift */,
			);
			path = UseCase;
			sourceTree = "<group>";
		};
		F17DB4412CCCD7DB009E2CC4 /* Repository */ = {
			isa = PBXGroup;
			children = (
				F17DB4482CCCD9A8009E2CC4 /* UserRepository.swift */,
			);
			path = Repository;
			sourceTree = "<group>";
		};
		F17DB4422CCCD7EC009E2CC4 /* Repository */ = {
			isa = PBXGroup;
			children = (
				F17DB44A2CCCD9C7009E2CC4 /* MockUserRepository.swift */,
			);
			path = Repository;
			sourceTree = "<group>";
		};
		F17DB44C2CCE2F8C009E2CC4 /* Presentation */ = {
			isa = PBXGroup;
			children = (
				F17DB44D2CCE2F9E009E2CC4 /* UserList */,
				F17DB4582CD0F9F8009E2CC4 /* Extension */,
			);
			path = Presentation;
			sourceTree = "<group>";
		};
		F17DB44D2CCE2F9E009E2CC4 /* UserList */ = {
			isa = PBXGroup;
			children = (
				F17DB44E2CCE2FF7009E2CC4 /* UserListView.swift */,
				F17DB4502CCE30CF009E2CC4 /* UserListFeature.swift */,
			);
			path = UserList;
			sourceTree = "<group>";
		};
		F17DB4582CD0F9F8009E2CC4 /* Extension */ = {
			isa = PBXGroup;
			children = (
				F17DB4562CD0F9EA009E2CC4 /* SwiftUI+Extension.swift */,
			);
			path = Extension;
			sourceTree = "<group>";
		};
		F17DB4642CD1A5BD009E2CC4 /* Swinject */ = {
			isa = PBXGroup;
			children = (
				F17DB4652CD1A619009E2CC4 /* Swinject+Extension.swift */,
			);
			path = Swinject;
			sourceTree = "<group>";
		};
		F17DB4672CD23B33009E2CC4 /* Application */ = {
			isa = PBXGroup;
			children = (
				F17DB4682CD23B54009E2CC4 /* Assembly */,
				F17DB40F2CCCD287009E2CC4 /* TCASampleApp.swift */,
			);
			path = Application;
			sourceTree = "<group>";
		};
		F17DB4682CD23B54009E2CC4 /* Assembly */ = {
			isa = PBXGroup;
			children = (
				F17DB4712CD26B83009E2CC4 /* PresentationAssembly.swift */,
				F17DB46F2CD23D5A009E2CC4 /* DomainAssembly.swift */,
			);
			path = Assembly;
			sourceTree = "<group>";
		};
/* End PBXGroup section */

/* Begin PBXNativeTarget section */
		F17DB40B2CCCD287009E2CC4 /* TCASample */ = {
			isa = PBXNativeTarget;
			buildConfigurationList = F17DB4302CCCD289009E2CC4 /* Build configuration list for PBXNativeTarget "TCASample" */;
			buildPhases = (
				F17DB4082CCCD287009E2CC4 /* Sources */,
				F17DB4092CCCD287009E2CC4 /* Frameworks */,
				F17DB40A2CCCD287009E2CC4 /* Resources */,
			);
			buildRules = (
			);
			dependencies = (
			);
			name = TCASample;
			packageProductDependencies = (
				F17DB43B2CCCD50E009E2CC4 /* ComposableArchitecture */,
				F17DB4602CD19E2B009E2CC4 /* Swinject */,
				F17DB4622CD19E2B009E2CC4 /* Swinject-Dynamic */,
			);
			productName = TCASample;
			productReference = F17DB40C2CCCD287009E2CC4 /* TCASample.app */;
			productType = "com.apple.product-type.application";
		};
		F17DB41B2CCCD289009E2CC4 /* TCASampleTests */ = {
			isa = PBXNativeTarget;
			buildConfigurationList = F17DB4332CCCD289009E2CC4 /* Build configuration list for PBXNativeTarget "TCASampleTests" */;
			buildPhases = (
				F17DB4182CCCD289009E2CC4 /* Sources */,
				F17DB4192CCCD289009E2CC4 /* Frameworks */,
				F17DB41A2CCCD289009E2CC4 /* Resources */,
			);
			buildRules = (
			);
			dependencies = (
				F17DB41E2CCCD289009E2CC4 /* PBXTargetDependency */,
			);
			name = TCASampleTests;
			productName = TCASampleTests;
			productReference = F17DB41C2CCCD289009E2CC4 /* TCASampleTests.xctest */;
			productType = "com.apple.product-type.bundle.unit-test";
		};
		F17DB4252CCCD289009E2CC4 /* TCASampleUITests */ = {
			isa = PBXNativeTarget;
			buildConfigurationList = F17DB4362CCCD289009E2CC4 /* Build configuration list for PBXNativeTarget "TCASampleUITests" */;
			buildPhases = (
				F17DB4222CCCD289009E2CC4 /* Sources */,
				F17DB4232CCCD289009E2CC4 /* Frameworks */,
				F17DB4242CCCD289009E2CC4 /* Resources */,
			);
			buildRules = (
			);
			dependencies = (
				F17DB4282CCCD289009E2CC4 /* PBXTargetDependency */,
			);
			name = TCASampleUITests;
			productName = TCASampleUITests;
			productReference = F17DB4262CCCD289009E2CC4 /* TCASampleUITests.xctest */;
			productType = "com.apple.product-type.bundle.ui-testing";
		};
/* End PBXNativeTarget section */

/* Begin PBXProject section */
		F17DB4042CCCD287009E2CC4 /* Project object */ = {
			isa = PBXProject;
			attributes = {
				BuildIndependentTargetsInParallel = 1;
				LastSwiftUpdateCheck = 1530;
				LastUpgradeCheck = 1530;
				TargetAttributes = {
					F17DB40B2CCCD287009E2CC4 = {
						CreatedOnToolsVersion = 15.3;
					};
					F17DB41B2CCCD289009E2CC4 = {
						CreatedOnToolsVersion = 15.3;
						TestTargetID = F17DB40B2CCCD287009E2CC4;
					};
					F17DB4252CCCD289009E2CC4 = {
						CreatedOnToolsVersion = 15.3;
						TestTargetID = F17DB40B2CCCD287009E2CC4;
					};
				};
			};
			buildConfigurationList = F17DB4072CCCD287009E2CC4 /* Build configuration list for PBXProject "TCASample" */;
			compatibilityVersion = "Xcode 14.0";
			developmentRegion = en;
			hasScannedForEncodings = 0;
			knownRegions = (
				en,
				Base,
			);
			mainGroup = F17DB4032CCCD287009E2CC4;
			packageReferences = (
				F17DB43A2CCCD50E009E2CC4 /* XCRemoteSwiftPackageReference "swift-composable-architecture" */,
				F17DB45F2CD19E2A009E2CC4 /* XCRemoteSwiftPackageReference "Swinject" */,
			);
			productRefGroup = F17DB40D2CCCD287009E2CC4 /* Products */;
			projectDirPath = "";
			projectRoot = "";
			targets = (
				F17DB40B2CCCD287009E2CC4 /* TCASample */,
				F17DB41B2CCCD289009E2CC4 /* TCASampleTests */,
				F17DB4252CCCD289009E2CC4 /* TCASampleUITests */,
			);
		};
/* End PBXProject section */

/* Begin PBXResourcesBuildPhase section */
		F17DB40A2CCCD287009E2CC4 /* Resources */ = {
			isa = PBXResourcesBuildPhase;
			buildActionMask = 2147483647;
			files = (
				F17DB4172CCCD289009E2CC4 /* Preview Assets.xcassets in Resources */,
				F17DB4142CCCD289009E2CC4 /* Assets.xcassets in Resources */,
			);
			runOnlyForDeploymentPostprocessing = 0;
		};
		F17DB41A2CCCD289009E2CC4 /* Resources */ = {
			isa = PBXResourcesBuildPhase;
			buildActionMask = 2147483647;
			files = (
			);
			runOnlyForDeploymentPostprocessing = 0;
		};
		F17DB4242CCCD289009E2CC4 /* Resources */ = {
			isa = PBXResourcesBuildPhase;
			buildActionMask = 2147483647;
			files = (
			);
			runOnlyForDeploymentPostprocessing = 0;
		};
/* End PBXResourcesBuildPhase section */

/* Begin PBXSourcesBuildPhase section */
		F17DB4082CCCD287009E2CC4 /* Sources */ = {
			isa = PBXSourcesBuildPhase;
			buildActionMask = 2147483647;
			files = (
				F17DB44F2CCE2FF7009E2CC4 /* UserListView.swift in Sources */,
				F17DB44B2CCCD9C7009E2CC4 /* MockUserRepository.swift in Sources */,
				F17DB45C2CD188C0009E2CC4 /* UpdateFollowResult.swift in Sources */,
				F17DB4702CD23D5A009E2CC4 /* DomainAssembly.swift in Sources */,
				F17DB4102CCCD287009E2CC4 /* TCASampleApp.swift in Sources */,
				F17DB4662CD1A619009E2CC4 /* Swinject+Extension.swift in Sources */,
				F17DB4452CCCD808009E2CC4 /* User.swift in Sources */,
				F17DB4492CCCD9A8009E2CC4 /* UserRepository.swift in Sources */,
				F17DB4722CD26B83009E2CC4 /* PresentationAssembly.swift in Sources */,
				F17DB4572CD0F9EA009E2CC4 /* SwiftUI+Extension.swift in Sources */,
				F17DB4472CCCD88E009E2CC4 /* FetchUserListUseCase.swift in Sources */,
				F17DB4512CCE30CF009E2CC4 /* UserListFeature.swift in Sources */,
				F17DB45A2CD1564F009E2CC4 /* UpdateFollowUseCase.swift in Sources */,
			);
			runOnlyForDeploymentPostprocessing = 0;
		};
		F17DB4182CCCD289009E2CC4 /* Sources */ = {
			isa = PBXSourcesBuildPhase;
			buildActionMask = 2147483647;
			files = (
				F17DB4212CCCD289009E2CC4 /* TCASampleTests.swift in Sources */,
			);
			runOnlyForDeploymentPostprocessing = 0;
		};
		F17DB4222CCCD289009E2CC4 /* Sources */ = {
			isa = PBXSourcesBuildPhase;
			buildActionMask = 2147483647;
			files = (
				F17DB42B2CCCD289009E2CC4 /* TCASampleUITests.swift in Sources */,
				F17DB42D2CCCD289009E2CC4 /* TCASampleUITestsLaunchTests.swift in Sources */,
			);
			runOnlyForDeploymentPostprocessing = 0;
		};
/* End PBXSourcesBuildPhase section */

/* Begin PBXTargetDependency section */
		F17DB41E2CCCD289009E2CC4 /* PBXTargetDependency */ = {
			isa = PBXTargetDependency;
			target = F17DB40B2CCCD287009E2CC4 /* TCASample */;
			targetProxy = F17DB41D2CCCD289009E2CC4 /* PBXContainerItemProxy */;
		};
		F17DB4282CCCD289009E2CC4 /* PBXTargetDependency */ = {
			isa = PBXTargetDependency;
			target = F17DB40B2CCCD287009E2CC4 /* TCASample */;
			targetProxy = F17DB4272CCCD289009E2CC4 /* PBXContainerItemProxy */;
		};
/* End PBXTargetDependency section */

/* Begin XCBuildConfiguration section */
		F17DB42E2CCCD289009E2CC4 /* Debug */ = {
			isa = XCBuildConfiguration;
			buildSettings = {
				ALWAYS_SEARCH_USER_PATHS = NO;
				ASSETCATALOG_COMPILER_GENERATE_SWIFT_ASSET_SYMBOL_EXTENSIONS = YES;
				CLANG_ANALYZER_NONNULL = YES;
				CLANG_ANALYZER_NUMBER_OBJECT_CONVERSION = YES_AGGRESSIVE;
				CLANG_CXX_LANGUAGE_STANDARD = "gnu++20";
				CLANG_ENABLE_MODULES = YES;
				CLANG_ENABLE_OBJC_ARC = YES;
				CLANG_ENABLE_OBJC_WEAK = YES;
				CLANG_WARN_BLOCK_CAPTURE_AUTORELEASING = YES;
				CLANG_WARN_BOOL_CONVERSION = YES;
				CLANG_WARN_COMMA = YES;
				CLANG_WARN_CONSTANT_CONVERSION = YES;
				CLANG_WARN_DEPRECATED_OBJC_IMPLEMENTATIONS = YES;
				CLANG_WARN_DIRECT_OBJC_ISA_USAGE = YES_ERROR;
				CLANG_WARN_DOCUMENTATION_COMMENTS = YES;
				CLANG_WARN_EMPTY_BODY = YES;
				CLANG_WARN_ENUM_CONVERSION = YES;
				CLANG_WARN_INFINITE_RECURSION = YES;
				CLANG_WARN_INT_CONVERSION = YES;
				CLANG_WARN_NON_LITERAL_NULL_CONVERSION = YES;
				CLANG_WARN_OBJC_IMPLICIT_RETAIN_SELF = YES;
				CLANG_WARN_OBJC_LITERAL_CONVERSION = YES;
				CLANG_WARN_OBJC_ROOT_CLASS = YES_ERROR;
				CLANG_WARN_QUOTED_INCLUDE_IN_FRAMEWORK_HEADER = YES;
				CLANG_WARN_RANGE_LOOP_ANALYSIS = YES;
				CLANG_WARN_STRICT_PROTOTYPES = YES;
				CLANG_WARN_SUSPICIOUS_MOVE = YES;
				CLANG_WARN_UNGUARDED_AVAILABILITY = YES_AGGRESSIVE;
				CLANG_WARN_UNREACHABLE_CODE = YES;
				CLANG_WARN__DUPLICATE_METHOD_MATCH = YES;
				COPY_PHASE_STRIP = NO;
				DEBUG_INFORMATION_FORMAT = dwarf;
				ENABLE_STRICT_OBJC_MSGSEND = YES;
				ENABLE_TESTABILITY = YES;
				ENABLE_USER_SCRIPT_SANDBOXING = YES;
				GCC_C_LANGUAGE_STANDARD = gnu17;
				GCC_DYNAMIC_NO_PIC = NO;
				GCC_NO_COMMON_BLOCKS = YES;
				GCC_OPTIMIZATION_LEVEL = 0;
				GCC_PREPROCESSOR_DEFINITIONS = (
					"DEBUG=1",
					"$(inherited)",
				);
				GCC_WARN_64_TO_32_BIT_CONVERSION = YES;
				GCC_WARN_ABOUT_RETURN_TYPE = YES_ERROR;
				GCC_WARN_UNDECLARED_SELECTOR = YES;
				GCC_WARN_UNINITIALIZED_AUTOS = YES_AGGRESSIVE;
				GCC_WARN_UNUSED_FUNCTION = YES;
				GCC_WARN_UNUSED_VARIABLE = YES;
				IPHONEOS_DEPLOYMENT_TARGET = 17.4;
				LOCALIZATION_PREFERS_STRING_CATALOGS = YES;
				MTL_ENABLE_DEBUG_INFO = INCLUDE_SOURCE;
				MTL_FAST_MATH = YES;
				ONLY_ACTIVE_ARCH = YES;
				SDKROOT = iphoneos;
				SWIFT_ACTIVE_COMPILATION_CONDITIONS = "DEBUG $(inherited)";
				SWIFT_OPTIMIZATION_LEVEL = "-Onone";
			};
			name = Debug;
		};
		F17DB42F2CCCD289009E2CC4 /* Release */ = {
			isa = XCBuildConfiguration;
			buildSettings = {
				ALWAYS_SEARCH_USER_PATHS = NO;
				ASSETCATALOG_COMPILER_GENERATE_SWIFT_ASSET_SYMBOL_EXTENSIONS = YES;
				CLANG_ANALYZER_NONNULL = YES;
				CLANG_ANALYZER_NUMBER_OBJECT_CONVERSION = YES_AGGRESSIVE;
				CLANG_CXX_LANGUAGE_STANDARD = "gnu++20";
				CLANG_ENABLE_MODULES = YES;
				CLANG_ENABLE_OBJC_ARC = YES;
				CLANG_ENABLE_OBJC_WEAK = YES;
				CLANG_WARN_BLOCK_CAPTURE_AUTORELEASING = YES;
				CLANG_WARN_BOOL_CONVERSION = YES;
				CLANG_WARN_COMMA = YES;
				CLANG_WARN_CONSTANT_CONVERSION = YES;
				CLANG_WARN_DEPRECATED_OBJC_IMPLEMENTATIONS = YES;
				CLANG_WARN_DIRECT_OBJC_ISA_USAGE = YES_ERROR;
				CLANG_WARN_DOCUMENTATION_COMMENTS = YES;
				CLANG_WARN_EMPTY_BODY = YES;
				CLANG_WARN_ENUM_CONVERSION = YES;
				CLANG_WARN_INFINITE_RECURSION = YES;
				CLANG_WARN_INT_CONVERSION = YES;
				CLANG_WARN_NON_LITERAL_NULL_CONVERSION = YES;
				CLANG_WARN_OBJC_IMPLICIT_RETAIN_SELF = YES;
				CLANG_WARN_OBJC_LITERAL_CONVERSION = YES;
				CLANG_WARN_OBJC_ROOT_CLASS = YES_ERROR;
				CLANG_WARN_QUOTED_INCLUDE_IN_FRAMEWORK_HEADER = YES;
				CLANG_WARN_RANGE_LOOP_ANALYSIS = YES;
				CLANG_WARN_STRICT_PROTOTYPES = YES;
				CLANG_WARN_SUSPICIOUS_MOVE = YES;
				CLANG_WARN_UNGUARDED_AVAILABILITY = YES_AGGRESSIVE;
				CLANG_WARN_UNREACHABLE_CODE = YES;
				CLANG_WARN__DUPLICATE_METHOD_MATCH = YES;
				COPY_PHASE_STRIP = NO;
				DEBUG_INFORMATION_FORMAT = "dwarf-with-dsym";
				ENABLE_NS_ASSERTIONS = NO;
				ENABLE_STRICT_OBJC_MSGSEND = YES;
				ENABLE_USER_SCRIPT_SANDBOXING = YES;
				GCC_C_LANGUAGE_STANDARD = gnu17;
				GCC_NO_COMMON_BLOCKS = YES;
				GCC_WARN_64_TO_32_BIT_CONVERSION = YES;
				GCC_WARN_ABOUT_RETURN_TYPE = YES_ERROR;
				GCC_WARN_UNDECLARED_SELECTOR = YES;
				GCC_WARN_UNINITIALIZED_AUTOS = YES_AGGRESSIVE;
				GCC_WARN_UNUSED_FUNCTION = YES;
				GCC_WARN_UNUSED_VARIABLE = YES;
				IPHONEOS_DEPLOYMENT_TARGET = 17.4;
				LOCALIZATION_PREFERS_STRING_CATALOGS = YES;
				MTL_ENABLE_DEBUG_INFO = NO;
				MTL_FAST_MATH = YES;
				SDKROOT = iphoneos;
				SWIFT_COMPILATION_MODE = wholemodule;
				VALIDATE_PRODUCT = YES;
			};
			name = Release;
		};
		F17DB4312CCCD289009E2CC4 /* Debug */ = {
			isa = XCBuildConfiguration;
			buildSettings = {
				ASSETCATALOG_COMPILER_APPICON_NAME = AppIcon;
				ASSETCATALOG_COMPILER_GLOBAL_ACCENT_COLOR_NAME = AccentColor;
				CODE_SIGN_STYLE = Automatic;
				CURRENT_PROJECT_VERSION = 1;
				DEVELOPMENT_ASSET_PATHS = "\"TCASample/Preview Content\"";
				ENABLE_PREVIEWS = YES;
				GENERATE_INFOPLIST_FILE = YES;
				INFOPLIST_KEY_UIApplicationSceneManifest_Generation = YES;
				INFOPLIST_KEY_UIApplicationSupportsIndirectInputEvents = YES;
				INFOPLIST_KEY_UILaunchScreen_Generation = YES;
				INFOPLIST_KEY_UISupportedInterfaceOrientations_iPad = "UIInterfaceOrientationPortrait UIInterfaceOrientationPortraitUpsideDown UIInterfaceOrientationLandscapeLeft UIInterfaceOrientationLandscapeRight";
				INFOPLIST_KEY_UISupportedInterfaceOrientations_iPhone = "UIInterfaceOrientationPortrait UIInterfaceOrientationLandscapeLeft UIInterfaceOrientationLandscapeRight";
				LD_RUNPATH_SEARCH_PATHS = (
					"$(inherited)",
					"@executable_path/Frameworks",
				);
				MARKETING_VERSION = 1.0;
				PRODUCT_BUNDLE_IDENTIFIER = test.TCASample;
				PRODUCT_NAME = "$(TARGET_NAME)";
				SWIFT_EMIT_LOC_STRINGS = YES;
				SWIFT_VERSION = 5.0;
				TARGETED_DEVICE_FAMILY = "1,2";
			};
			name = Debug;
		};
		F17DB4322CCCD289009E2CC4 /* Release */ = {
			isa = XCBuildConfiguration;
			buildSettings = {
				ASSETCATALOG_COMPILER_APPICON_NAME = AppIcon;
				ASSETCATALOG_COMPILER_GLOBAL_ACCENT_COLOR_NAME = AccentColor;
				CODE_SIGN_STYLE = Automatic;
				CURRENT_PROJECT_VERSION = 1;
				DEVELOPMENT_ASSET_PATHS = "\"TCASample/Preview Content\"";
				ENABLE_PREVIEWS = YES;
				GENERATE_INFOPLIST_FILE = YES;
				INFOPLIST_KEY_UIApplicationSceneManifest_Generation = YES;
				INFOPLIST_KEY_UIApplicationSupportsIndirectInputEvents = YES;
				INFOPLIST_KEY_UILaunchScreen_Generation = YES;
				INFOPLIST_KEY_UISupportedInterfaceOrientations_iPad = "UIInterfaceOrientationPortrait UIInterfaceOrientationPortraitUpsideDown UIInterfaceOrientationLandscapeLeft UIInterfaceOrientationLandscapeRight";
				INFOPLIST_KEY_UISupportedInterfaceOrientations_iPhone = "UIInterfaceOrientationPortrait UIInterfaceOrientationLandscapeLeft UIInterfaceOrientationLandscapeRight";
				LD_RUNPATH_SEARCH_PATHS = (
					"$(inherited)",
					"@executable_path/Frameworks",
				);
				MARKETING_VERSION = 1.0;
				PRODUCT_BUNDLE_IDENTIFIER = test.TCASample;
				PRODUCT_NAME = "$(TARGET_NAME)";
				SWIFT_EMIT_LOC_STRINGS = YES;
				SWIFT_VERSION = 5.0;
				TARGETED_DEVICE_FAMILY = "1,2";
			};
			name = Release;
		};
		F17DB4342CCCD289009E2CC4 /* Debug */ = {
			isa = XCBuildConfiguration;
			buildSettings = {
				ALWAYS_EMBED_SWIFT_STANDARD_LIBRARIES = YES;
				BUNDLE_LOADER = "$(TEST_HOST)";
				CODE_SIGN_STYLE = Automatic;
				CURRENT_PROJECT_VERSION = 1;
				GENERATE_INFOPLIST_FILE = YES;
				IPHONEOS_DEPLOYMENT_TARGET = 17.4;
				MARKETING_VERSION = 1.0;
				PRODUCT_BUNDLE_IDENTIFIER = test.TCASampleTests;
				PRODUCT_NAME = "$(TARGET_NAME)";
				SWIFT_EMIT_LOC_STRINGS = NO;
				SWIFT_VERSION = 5.0;
				TARGETED_DEVICE_FAMILY = "1,2";
				TEST_HOST = "$(BUILT_PRODUCTS_DIR)/TCASample.app/$(BUNDLE_EXECUTABLE_FOLDER_PATH)/TCASample";
			};
			name = Debug;
		};
		F17DB4352CCCD289009E2CC4 /* Release */ = {
			isa = XCBuildConfiguration;
			buildSettings = {
				ALWAYS_EMBED_SWIFT_STANDARD_LIBRARIES = YES;
				BUNDLE_LOADER = "$(TEST_HOST)";
				CODE_SIGN_STYLE = Automatic;
				CURRENT_PROJECT_VERSION = 1;
				GENERATE_INFOPLIST_FILE = YES;
				IPHONEOS_DEPLOYMENT_TARGET = 17.4;
				MARKETING_VERSION = 1.0;
				PRODUCT_BUNDLE_IDENTIFIER = test.TCASampleTests;
				PRODUCT_NAME = "$(TARGET_NAME)";
				SWIFT_EMIT_LOC_STRINGS = NO;
				SWIFT_VERSION = 5.0;
				TARGETED_DEVICE_FAMILY = "1,2";
				TEST_HOST = "$(BUILT_PRODUCTS_DIR)/TCASample.app/$(BUNDLE_EXECUTABLE_FOLDER_PATH)/TCASample";
			};
			name = Release;
		};
		F17DB4372CCCD289009E2CC4 /* Debug */ = {
			isa = XCBuildConfiguration;
			buildSettings = {
				ALWAYS_EMBED_SWIFT_STANDARD_LIBRARIES = YES;
				CODE_SIGN_STYLE = Automatic;
				CURRENT_PROJECT_VERSION = 1;
				GENERATE_INFOPLIST_FILE = YES;
				MARKETING_VERSION = 1.0;
				PRODUCT_BUNDLE_IDENTIFIER = test.TCASampleUITests;
				PRODUCT_NAME = "$(TARGET_NAME)";
				SWIFT_EMIT_LOC_STRINGS = NO;
				SWIFT_VERSION = 5.0;
				TARGETED_DEVICE_FAMILY = "1,2";
				TEST_TARGET_NAME = TCASample;
			};
			name = Debug;
		};
		F17DB4382CCCD289009E2CC4 /* Release */ = {
			isa = XCBuildConfiguration;
			buildSettings = {
				ALWAYS_EMBED_SWIFT_STANDARD_LIBRARIES = YES;
				CODE_SIGN_STYLE = Automatic;
				CURRENT_PROJECT_VERSION = 1;
				GENERATE_INFOPLIST_FILE = YES;
				MARKETING_VERSION = 1.0;
				PRODUCT_BUNDLE_IDENTIFIER = test.TCASampleUITests;
				PRODUCT_NAME = "$(TARGET_NAME)";
				SWIFT_EMIT_LOC_STRINGS = NO;
				SWIFT_VERSION = 5.0;
				TARGETED_DEVICE_FAMILY = "1,2";
				TEST_TARGET_NAME = TCASample;
			};
			name = Release;
		};
/* End XCBuildConfiguration section */

/* Begin XCConfigurationList section */
		F17DB4072CCCD287009E2CC4 /* Build configuration list for PBXProject "TCASample" */ = {
			isa = XCConfigurationList;
			buildConfigurations = (
				F17DB42E2CCCD289009E2CC4 /* Debug */,
				F17DB42F2CCCD289009E2CC4 /* Release */,
			);
			defaultConfigurationIsVisible = 0;
			defaultConfigurationName = Release;
		};
		F17DB4302CCCD289009E2CC4 /* Build configuration list for PBXNativeTarget "TCASample" */ = {
			isa = XCConfigurationList;
			buildConfigurations = (
				F17DB4312CCCD289009E2CC4 /* Debug */,
				F17DB4322CCCD289009E2CC4 /* Release */,
			);
			defaultConfigurationIsVisible = 0;
			defaultConfigurationName = Release;
		};
		F17DB4332CCCD289009E2CC4 /* Build configuration list for PBXNativeTarget "TCASampleTests" */ = {
			isa = XCConfigurationList;
			buildConfigurations = (
				F17DB4342CCCD289009E2CC4 /* Debug */,
				F17DB4352CCCD289009E2CC4 /* Release */,
			);
			defaultConfigurationIsVisible = 0;
			defaultConfigurationName = Release;
		};
		F17DB4362CCCD289009E2CC4 /* Build configuration list for PBXNativeTarget "TCASampleUITests" */ = {
			isa = XCConfigurationList;
			buildConfigurations = (
				F17DB4372CCCD289009E2CC4 /* Debug */,
				F17DB4382CCCD289009E2CC4 /* Release */,
			);
			defaultConfigurationIsVisible = 0;
			defaultConfigurationName = Release;
		};
/* End XCConfigurationList section */

/* Begin XCRemoteSwiftPackageReference section */
		F17DB43A2CCCD50E009E2CC4 /* XCRemoteSwiftPackageReference "swift-composable-architecture" */ = {
			isa = XCRemoteSwiftPackageReference;
			repositoryURL = "https://github.com/pointfreeco/swift-composable-architecture";
			requirement = {
				kind = exactVersion;
				version = 1.15.2;
			};
		};
		F17DB45F2CD19E2A009E2CC4 /* XCRemoteSwiftPackageReference "Swinject" */ = {
			isa = XCRemoteSwiftPackageReference;
			repositoryURL = "https://github.com/Swinject/Swinject";
			requirement = {
				kind = exactVersion;
				version = 2.9.1;
			};
		};
/* End XCRemoteSwiftPackageReference section */

/* Begin XCSwiftPackageProductDependency section */
		F17DB43B2CCCD50E009E2CC4 /* ComposableArchitecture */ = {
			isa = XCSwiftPackageProductDependency;
			package = F17DB43A2CCCD50E009E2CC4 /* XCRemoteSwiftPackageReference "swift-composable-architecture" */;
			productName = ComposableArchitecture;
		};
		F17DB4602CD19E2B009E2CC4 /* Swinject */ = {
			isa = XCSwiftPackageProductDependency;
			package = F17DB45F2CD19E2A009E2CC4 /* XCRemoteSwiftPackageReference "Swinject" */;
			productName = Swinject;
		};
		F17DB4622CD19E2B009E2CC4 /* Swinject-Dynamic */ = {
			isa = XCSwiftPackageProductDependency;
			package = F17DB45F2CD19E2A009E2CC4 /* XCRemoteSwiftPackageReference "Swinject" */;
			productName = "Swinject-Dynamic";
		};
/* End XCSwiftPackageProductDependency section */
	};
	rootObject = F17DB4042CCCD287009E2CC4 /* Project object */;
}
